
Microsoft Visual Studio Solution File, Format Version 12.00
# Visual Studio Version 16
VisualStudioVersion = 16.0.33214.272
MinimumVisualStudioVersion = 10.0.40219.1
Project("{9A19103F-16F7-4668-BE54-9A1E7A4F7556}") = "Mission4Assignment", "Mission4Assignment\Mission4Assignment.csproj", "{68096C69-0E47-4F9F-A6E0-5B8B9C0B5C0C}"
EndProject
Global
	GlobalSection(SolutionConfigurationPlatforms) = preSolution
		Debug|Any CPU = Debug|Any CPU
		Release|Any CPU = Release|Any CPU
	EndGlobalSection
	GlobalSection(ProjectConfigurationPlatforms) = postSolution
		{68096C69-0E47-4F9F-A6E0-5B8B9C0B5C0C}.Debug|Any CPU.ActiveCfg = Debug|Any CPU
		{68096C69-0E47-4F9F-A6E0-5B8B9C0B5C0C}.Debug|Any CPU.Build.0 = Debug|Any CPU
		{68096C69-0E47-4F9F-A6E0-5B8B9C0B5C0C}.Release|Any CPU.ActiveCfg = Release|Any CPU
		{68096C69-0E47-4F9F-A6E0-5B8B9C0B5C0C}.Release|Any CPU.Build.0 = Release|Any CPU
	EndGlobalSection
	GlobalSection(SolutionProperties) = preSolution
		HideSolutionNode = FALSE
	EndGlobalSection
	GlobalSection(ExtensibilityGlobals) = postSolution
		SolutionGuid = {CE9B7BA2-E796-4AAF-9F66-072AE4263AC2}
	EndGlobalSection
EndGlobal
